
Microsoft Visual Studio Solution File, Format Version 12.00
# Visual Studio Version 17
VisualStudioVersion = 17.7.34202.233
MinimumVisualStudioVersion = 10.0.40219.1
Project("{9A19103F-16F7-4668-BE54-9A1E7A4F7556}") = "Vista", "Vista\Vista.csproj", "{68591435-A0D3-4F17-99E1-15419C8755DC}"
EndProject
Project("{FAE04EC0-301F-11D3-BF4B-00C04F79EFBC}") = "Modelo", "Modelo\Modelo.csproj", "{FB1FA034-42A3-4486-BB74-CCD65A70326E}"
EndProject
Project("{FAE04EC0-301F-11D3-BF4B-00C04F79EFBC}") = "Entidades", "Entidades\Entidades.csproj", "{5A2ED335-B855-452A-9CD5-AC32FB596A36}"
EndProject
Project("{FAE04EC0-301F-11D3-BF4B-00C04F79EFBC}") = "Controlador", "Controlador\Controlador.csproj", "{2F698B60-23B6-44BD-AC19-C80A9181A158}"
EndProject
Global
	GlobalSection(SolutionConfigurationPlatforms) = preSolution
		Debug|Any CPU = Debug|Any CPU
		Release|Any CPU = Release|Any CPU
	EndGlobalSection
	GlobalSection(ProjectConfigurationPlatforms) = postSolution
		{68591435-A0D3-4F17-99E1-15419C8755DC}.Debug|Any CPU.ActiveCfg = Debug|Any CPU
		{68591435-A0D3-4F17-99E1-15419C8755DC}.Debug|Any CPU.Build.0 = Debug|Any CPU
		{68591435-A0D3-4F17-99E1-15419C8755DC}.Release|Any CPU.ActiveCfg = Release|Any CPU
		{68591435-A0D3-4F17-99E1-15419C8755DC}.Release|Any CPU.Build.0 = Release|Any CPU
		{FB1FA034-42A3-4486-BB74-CCD65A70326E}.Debug|Any CPU.ActiveCfg = Debug|Any CPU
		{FB1FA034-42A3-4486-BB74-CCD65A70326E}.Debug|Any CPU.Build.0 = Debug|Any CPU
		{FB1FA034-42A3-4486-BB74-CCD65A70326E}.Release|Any CPU.ActiveCfg = Release|Any CPU
		{FB1FA034-42A3-4486-BB74-CCD65A70326E}.Release|Any CPU.Build.0 = Release|Any CPU
		{5A2ED335-B855-452A-9CD5-AC32FB596A36}.Debug|Any CPU.ActiveCfg = Debug|Any CPU
		{5A2ED335-B855-452A-9CD5-AC32FB596A36}.Debug|Any CPU.Build.0 = Debug|Any CPU
		{5A2ED335-B855-452A-9CD5-AC32FB596A36}.Release|Any CPU.ActiveCfg = Release|Any CPU
		{5A2ED335-B855-452A-9CD5-AC32FB596A36}.Release|Any CPU.Build.0 = Release|Any CPU
		{2F698B60-23B6-44BD-AC19-C80A9181A158}.Debug|Any CPU.ActiveCfg = Debug|Any CPU
		{2F698B60-23B6-44BD-AC19-C80A9181A158}.Debug|Any CPU.Build.0 = Debug|Any CPU
		{2F698B60-23B6-44BD-AC19-C80A9181A158}.Release|Any CPU.ActiveCfg = Release|Any CPU
		{2F698B60-23B6-44BD-AC19-C80A9181A158}.Release|Any CPU.Build.0 = Release|Any CPU
	EndGlobalSection
	GlobalSection(SolutionProperties) = preSolution
		HideSolutionNode = FALSE
	EndGlobalSection
	GlobalSection(ExtensibilityGlobals) = postSolution
		SolutionGuid = {E3B7B6F2-4692-4DBD-A289-06C6506C5B7A}
	EndGlobalSection
EndGlobal
